[[package]]
category = "main"
description = "multi backend asyncio cache"
name = "aiocache"
optional = false
python-versions = "*"
version = "0.11.1"

[[package]]
category = "main"
description = "File support for asyncio."
name = "aiofiles"
optional = false
python-versions = "*"
version = "0.4.0"

[[package]]
category = "main"
description = "asyncio (PEP 3156) Redis support"
name = "aioredis"
optional = false
python-versions = "*"
version = "1.2.0"

[package.dependencies]
async-timeout = "*"
hiredis = "*"

[[package]]
category = "main"
description = "A pluggable API specification generator. Currently supports the OpenAPI Specification (f.k.a. the Swagger specification)."
name = "apispec"
optional = false
python-versions = "*"
version = "2.0.2"

[[package]]
category = "main"
description = "Timeout context manager for asyncio programs"
name = "async-timeout"
optional = false
python-versions = ">=3.5.3"
version = "3.0.1"

[[package]]
category = "main"
description = "A dict with attribute-style access"
name = "attrdict"
optional = false
python-versions = "*"
version = "2.0.1"

[package.dependencies]
six = "*"

[[package]]
category = "main"
description = "Bitcoin and Other cryptocurrency Library"
name = "bitcoinlib"
optional = false
python-versions = "*"
version = "0.4.10"

[package.dependencies]
SQLAlchemy = ">=1.3.2"
ecdsa = ">=0.13"
fastecdsa = ">=1.7.1"
pyaes = "1.6.1"
requests = ">=2.20.0"
scrypt = ">=0.8.13"
six = ">=1.10"

[[package]]
category = "main"
description = "Python package for providing Mozilla's CA Bundle."
name = "certifi"
optional = false
python-versions = "*"
version = "2019.6.16"

[[package]]
category = "main"
description = "Universal encoding detector for Python 2 and 3"
name = "chardet"
optional = false
python-versions = "*"
version = "3.0.4"

[[package]]
category = "main"
description = "Composable command line interface toolkit"
name = "click"
optional = false
python-versions = ">=2.7, !=3.0.*, !=3.1.*, !=3.2.*, !=3.3.*"
version = "7.0"

[[package]]
category = "main"
description = "Cython implementation of Toolz: High performance functional utilities"
name = "cytoolz"
optional = false
python-versions = "*"
version = "0.10.0"

[package.dependencies]
toolz = ">=0.8.0"

[[package]]
category = "main"
description = "Async database support for Python."
name = "databases"
optional = false
python-versions = ">=3.6"
version = "0.2.5"

[package.dependencies]
sqlalchemy = "*"

[[package]]
category = "main"
description = "ECDSA cryptographic signature library (pure python)"
name = "ecdsa"
optional = false
python-versions = "*"
version = "0.13.2"

[[package]]
category = "main"
description = "Ethereum ABI Utils"
name = "eth-abi"
optional = false
python-versions = "*"
version = "1.3.0"

[package.dependencies]
eth-typing = ">=2.0.0,<3.0.0"
eth-utils = ">=1.2.0,<2.0.0"
parsimonious = ">=0.8.0,<0.9.0"

[[package]]
category = "main"
description = "eth-account: Sign Ethereum transactions and messages with local private keys"
name = "eth-account"
optional = false
python-versions = ">=3.5, <4"
version = "0.2.3"

[package.dependencies]
attrdict = ">=2.0.0,<3"
eth-keyfile = ">=0.5.0,<0.6.0"
eth-keys = ">=0.2.0b3,<0.3.0"
eth-rlp = ">=0.1.2,<1"
eth-utils = ">=1.0.2,<2"
hexbytes = ">=0.1.0,<1"

[[package]]
category = "main"
description = "eth-hash: The Ethereum hashing function, keccak256, sometimes (erroneously) called sha3"
name = "eth-hash"
optional = false
python-versions = ">=3.5, <4"
version = "0.2.0"

[[package]]
category = "main"
description = "A library for handling the encrypted keyfiles used to store ethereum private keys."
name = "eth-keyfile"
optional = false
python-versions = "*"
version = "0.5.1"

[package.dependencies]
cytoolz = ">=0.9.0,<1.0.0"
eth-keys = ">=0.1.0-beta.4,<1.0.0"
eth-utils = ">=1.0.0-beta.1,<2.0.0"
pycryptodome = ">=3.4.7,<4.0.0"

[[package]]
category = "main"
description = "Common API for Ethereum key operations."
name = "eth-keys"
optional = false
python-versions = "*"
version = "0.2.4"

[package.dependencies]
eth-utils = ">=1.3.0,<2.0.0"

[[package]]
category = "main"
description = "eth-rlp: RLP definitions for common Ethereum objects in Python"
name = "eth-rlp"
optional = false
python-versions = ">=3.5, <4"
version = "0.1.2"

[package.dependencies]
eth-utils = ">=1.0.1,<2"
hexbytes = ">=0.1.0,<1"
rlp = ">=0.6.0,<2"

[[package]]
category = "main"
description = "eth-typing: Common type annotations for ethereum python packages"
name = "eth-typing"
optional = false
python-versions = ">=3.5, <4"
version = "2.1.0"

[[package]]
category = "main"
description = "Common utility functions for ethereum codebases."
name = "eth-utils"
optional = false
python-versions = ">=3.5,!=3.5.2,<4"
version = "1.6.4"

[package.dependencies]
cytoolz = ">=0.8.2,<1.0.0"
eth-hash = ">=0.1.0,<1.0.0"
eth-typing = ">=1.0.0,<3.0.0"
toolz = ">0.8.2,<1"

[[package]]
category = "main"
description = "Fast elliptic curve digital signatures"
marker = "platform_system != \"Windows\""
name = "fastecdsa"
optional = false
python-versions = "*"
version = "1.7.4"

[package.dependencies]
six = "*"

[[package]]
category = "main"
description = "A pure-Python, bring-your-own-I/O implementation of HTTP/1.1"
name = "h11"
optional = false
python-versions = "*"
version = "0.8.1"

[[package]]
category = "main"
description = "HTTP/2 State-Machine based protocol implementation"
name = "h2"
optional = false
python-versions = "*"
version = "3.1.1"

[package.dependencies]
hpack = ">=2.3,<4"
hyperframe = ">=5.2.0,<6"

[[package]]
category = "main"
description = "hexbytes: Python `bytes` subclass that decodes hex, with a readable console output"
name = "hexbytes"
optional = false
python-versions = ">=3.6, <4"
version = "0.2.0"

[package.dependencies]
eth-utils = ">=1.0.1,<2"

[[package]]
category = "main"
description = "Python wrapper for hiredis"
name = "hiredis"
optional = false
python-versions = ">=2.7, !=3.0.*, !=3.1.*, !=3.2.*, !=3.3.*"
version = "1.0.0"

[[package]]
category = "main"
description = "Pure-Python HPACK header compression"
name = "hpack"
optional = false
python-versions = "*"
version = "3.0.0"

[[package]]
category = "main"
description = "The next generation HTTP client."
name = "http3"
optional = false
python-versions = ">=3.6"
version = "0.6.7"

[package.dependencies]
certifi = "*"
chardet = ">=3.0.0,<4.0.0"
h11 = ">=0.8.0,<0.9.0"
h2 = ">=3.0.0,<4.0.0"
idna = ">=2.0.0,<3.0.0"
rfc3986 = ">=1.0.0,<2.0.0"

[[package]]
category = "main"
description = "A collection of framework independent HTTP protocol utils."
marker = "sys_platform != \"win32\" and sys_platform != \"cygwin\" and platform_python_implementation != \"pypy\""
name = "httptools"
optional = false
python-versions = "*"
version = "0.0.13"

[[package]]
category = "main"
description = "HTTP/2 framing layer for Python"
name = "hyperframe"
optional = false
python-versions = "*"
version = "5.2.0"

[[package]]
category = "main"
description = "Internationalized Domain Names in Applications (IDNA)"
name = "idna"
optional = false
python-versions = ">=2.7, !=3.0.*, !=3.1.*, !=3.2.*, !=3.3.*"
version = "2.8"

[[package]]
category = "main"
description = "An Dict like LRU container."
name = "lru-dict"
optional = false
python-versions = "*"
version = "1.1.6"

[[package]]
category = "main"
description = "A lightweight library for converting complex datatypes to and from native Python datatypes."
name = "marshmallow"
optional = false
python-versions = ">=3.5"
version = "3.0.0rc7"

[[package]]
category = "main"
description = "Enum field for Marshmallow"
name = "marshmallow-enum"
optional = false
python-versions = "*"
version = "1.4.1"

[package.dependencies]
marshmallow = ">=2.0.0"

[[package]]
category = "main"
description = "Non-blocking MongoDB driver for Tornado or asyncio"
name = "motor"
optional = false
python-versions = "*"
version = "2.0.0"

[package.dependencies]
pymongo = ">=3.6,<4"

[[package]]
category = "main"
description = "MessagePack (de)serializer."
name = "msgpack"
optional = false
python-versions = "*"
version = "0.6.1"

[[package]]
category = "main"
description = "Experimental type system extensions for programs checked with the mypy typechecker."
name = "mypy-extensions"
optional = false
python-versions = "*"
version = "0.4.1"

[[package]]
category = "main"
description = "(Soon to be) the fastest pure-Python PEG parser I could muster"
name = "parsimonious"
optional = false
python-versions = "*"
version = "0.8.1"

[package.dependencies]
six = ">=1.9.0"

[[package]]
category = "main"
description = "Pure-Python Implementation of the AES block-cipher and common modes of operation"
name = "pyaes"
optional = false
python-versions = "*"
version = "1.6.1"

[[package]]
category = "main"
description = "Cryptographic library for Python"
name = "pycryptodome"
optional = false
python-versions = ">=2.6, !=3.0.*, !=3.1.*, !=3.2.*, !=3.3.*"
version = "3.8.2"

[[package]]
category = "main"
description = "Python driver for MongoDB <http://www.mongodb.org>"
name = "pymongo"
optional = false
python-versions = "*"
version = "3.8.0"

[[package]]
category = "main"
description = ""
marker = "platform_system == \"Windows\""
name = "pypiwin32"
optional = false
python-versions = "*"
version = "223"

[package.dependencies]
pywin32 = ">=223"

[[package]]
category = "main"
description = "The Swiss Army Knife of the Bitcoin protocol."
name = "python-bitcoinlib"
optional = false
python-versions = "*"
version = "0.10.1"

[[package]]
category = "main"
description = "Engine.IO server"
name = "python-engineio"
optional = false
python-versions = "*"
version = "3.9.3"

[package.dependencies]
six = ">=1.9.0"

[[package]]
category = "main"
description = "Socket.IO server"
name = "python-socketio"
optional = false
python-versions = "*"
version = "4.3.1"

[package.dependencies]
python-engineio = ">=3.9.0"
six = ">=1.9.0"

[[package]]
category = "main"
description = "Python for Window Extensions"
marker = "platform_system == \"Windows\""
name = "pywin32"
optional = false
python-versions = "*"
version = "224"

[[package]]
category = "main"
description = "YAML parser and emitter for Python"
name = "pyyaml"
optional = false
python-versions = ">=2.7, !=3.0.*, !=3.1.*, !=3.2.*, !=3.3.*"
version = "5.1.2"

[[package]]
category = "main"
description = "Python HTTP for Humans."
name = "requests"
optional = false
python-versions = ">=2.7, !=3.0.*, !=3.1.*, !=3.2.*, !=3.3.*, !=3.4.*"
version = "2.22.0"

[package.dependencies]
certifi = ">=2017.4.17"
chardet = ">=3.0.2,<3.1.0"
idna = ">=2.5,<2.9"
urllib3 = ">=1.21.1,<1.25.0 || >1.25.0,<1.25.1 || >1.25.1,<1.26"

[[package]]
category = "main"
description = "async-await support for `requests`."
name = "requests-async"
optional = false
python-versions = ">=3.6"
version = "0.6.2"

[package.dependencies]
http3 = ">=0.6.0,<0.7.0"
requests = ">=2.0.0,<3.0.0"

[[package]]
category = "main"
description = "Validating URI References per RFC 3986"
name = "rfc3986"
optional = false
python-versions = "*"
version = "1.3.2"

[[package]]
category = "main"
description = "A package for Recursive Length Prefix encoding and decoding"
name = "rlp"
optional = false
python-versions = "*"
version = "1.1.0"

[package.dependencies]
eth-utils = ">=1.0.2,<2"

[[package]]
category = "main"
description = "Bindings for the scrypt key derivation function library"
name = "scrypt"
optional = false
python-versions = "*"
version = "0.8.13"

[[package]]
category = "main"
description = "Python 2 and 3 compatibility utilities"
name = "six"
optional = false
python-versions = ">=2.6, !=3.0.*, !=3.1.*"
version = "1.12.0"

[[package]]
category = "main"
description = "Database Abstraction Library"
name = "sqlalchemy"
optional = false
python-versions = ">=2.7, !=3.0.*, !=3.1.*, !=3.2.*, !=3.3.*"
version = "1.3.6"

[[package]]
category = "main"
description = "The little ASGI library that shines."
name = "starlette"
optional = false
python-versions = ">=3.6"
version = "0.12.7"

[[package]]
category = "main"
description = "List processing tools and functional utilities"
name = "toolz"
optional = false
python-versions = ">=2.7, !=3.0.*, !=3.1.*, !=3.2.*, !=3.3.*"
version = "0.10.0"

[[package]]
category = "main"
description = "Fast, Extensible Progress Meter"
name = "tqdm"
optional = false
python-versions = ">=2.6, !=3.0.*, !=3.1.*"
version = "4.33.0"

[[package]]
category = "main"
description = "Runtime inspection utilities for typing module."
name = "typing-inspect"
optional = false
python-versions = "*"
version = "0.4.0"

[package.dependencies]
mypy-extensions = ">=0.3.0"

[[package]]
category = "main"
description = "Ultra fast JSON encoder and decoder for Python"
name = "ujson"
optional = false
python-versions = "*"
version = "1.35"

[[package]]
category = "main"
description = "HTTP library with thread-safe connection pooling, file post, and more."
name = "urllib3"
optional = false
python-versions = ">=2.7, !=3.0.*, !=3.1.*, !=3.2.*, !=3.3.*, <4"
version = "1.25.3"

[[package]]
category = "main"
description = "The lightning-fast ASGI server."
name = "uvicorn"
optional = false
python-versions = "*"
version = "0.5.1"

[package.dependencies]
click = "*"
h11 = "*"
httptools = "*"
uvloop = "*"
websockets = ">=6.0"

[[package]]
category = "main"
description = "Fast implementation of asyncio event loop on top of libuv"
marker = "sys_platform != \"win32\" and sys_platform != \"cygwin\" and platform_python_implementation != \"pypy\""
name = "uvloop"
optional = false
python-versions = "*"
version = "0.12.2"

[[package]]
category = "main"
description = "Web3.py"
name = "web3"
optional = false
python-versions = ">=3.5, <4"
version = "4.2.1"

[package.dependencies]
cytoolz = ">=0.9.0,<1.0.0"
eth-abi = ">=1.1.0,<2"
eth-account = ">=0.2.1,<0.3.0"
eth-hash = "*"
eth-utils = ">=1.0.1,<2.0.0"
hexbytes = ">=0.1.0,<1.0.0"
lru-dict = ">=1.1.6,<2.0.0"
pypiwin32 = ">=223"
requests = ">=2.16.0,<3.0.0"
toolz = ">=0.9.0,<1.0.0"
websockets = ">=4.0.1"

[[package]]
category = "main"
description = "An implementation of the WebSocket Protocol (RFC 6455 & 7692)"
name = "websockets"
optional = false
python-versions = ">=3.6"
version = "8.0.2"

[metadata]
content-hash = "90db4a24003c1f67e433c312418b1dc0d5a030d82ebaf512ba9fad2bd78c19cb"
python-versions = "^3.7"

[metadata.hashes]
aiocache = ["e55c7caaa5753794fd301c3a2e592737fa1d036db9f8d04ae154facdfb48a157", "f2ebe0b05cec45782e7b5ea0bb74640f157dd4bb1028b4565364dda9fe33be7f"]
aiofiles = ["021ea0ba314a86027c166ecc4b4c07f2d40fc0f4b3a950d1868a0f2571c2bbee", "1e644c2573f953664368de28d2aa4c89dfd64550429d0c27c4680ccd3aa4985d"]
aioredis = ["84d62be729beb87118cf126c20b0e3f52d7a42bb7373dc5bcdd874f26f1f251a", "aee16aa5cb3f636cf8fa0e2b62d2f6abc90366e19b5c30e94a5471d834a55975"]
apispec = ["11d1aaf620a80f67ded7688fcaf14fa4fd975d566876b5db69b067ffbfe4d1d9", "2f4734203e53f6ae6499d1f2168d19e62f04f071d6e4b86c6d6014ebf2ebdf6b"]
async-timeout = ["0c3c816a028d47f659d6ff5c745cb2acf1f966da1fe5c19c77a70282b25f4c5f", "4291ca197d287d274d0b6cb5d6f8f8f82d434ed288f962539ff18cc9012f9ea3"]
attrdict = ["35c90698b55c683946091177177a9e9c0713a0860f0e049febd72649ccd77b70", "9432e3498c74ff7e1b20b3d93b45d766b71cbffa90923496f82c4ae38b92be34"]
bitcoinlib = ["aef747dc349c8bae237feafb62d2798449ade28933b3ffad82006ef376590b16"]
certifi = ["046832c04d4e752f37383b628bc601a7ea7211496b4638f6514d0e5b9acc4939", "945e3ba63a0b9f577b1395204e13c3a231f9bc0223888be653286534e5873695"]
chardet = ["84ab92ed1c4d4f16916e05906b6b75a6c0fb5db821cc65e70cbd64a3e2a5eaae", "fc323ffcaeaed0e0a02bf4d117757b98aed530d9ed4531e3e15460124c106691"]
click = ["2335065e6395b9e67ca716de5f7526736bfa6ceead690adf616d925bdc622b13", "5b94b49521f6456670fdb30cd82a4eca9412788a93fa6dd6df72c94d5a8ff2d7"]
cytoolz = ["ed9f6a07c2bac70d6c597df360d0666d11d2adc90141d54c5c2db08b380a4fac"]
databases = ["1e3b21a237d8b8a8774da1237fa75e951e23bf8e943516df8fe2443f1968287f"]
ecdsa = ["20c17e527e75acad8f402290e158a6ac178b91b881f941fc6ea305bfdfb9657c", "5c034ffa23413ac923541ceb3ac14ec15a0d2530690413bff58c12b80e56d884"]
eth-abi = ["04e64f739c6f6cb6aded3e7c8924cc49ffbb088ac53ad1786765747853f167b1", "2a898568fd85b8f162b89890695f7e08d7a53dec70ecdb6bea20c544241d8621"]
eth-account = ["165aa14c18526247c044221565fa6ef27332928abe5930aa949b207d6d6ac248", "a94823dbc5f8b66e0466c388c7b1b61dde06d64982b75d4b956512915f56f3f0"]
eth-hash = ["1b9cb34dd3cd99c85c2bd6a1420ceae39a2eee8bf080efd264bcda8be3edecc8", "499dc02d098f69856d1a6dd005529c16174157d4fb2a9fe20c41f69e39f8f176"]
eth-keyfile = ["70d734af17efdf929a90bb95375f43522be4ed80c3b9e0a8bca575fb11cd1159", "939540efb503380bc30d926833e6a12b22c6750de80feef3720d79e5a79de47d"]
eth-keys = ["d1cdcd6b2118edf5dcd112ba6efc4b187b028c5c7d6af6ca04d90b7af94a1c58", "e15a0140852552ec3eb07e9731e23d390aea4bae892022279af42ce32e9c2620"]
eth-rlp = ["05d8456981d85e16a9afa57f2f2c3356af5d1c49499cc8512cfcdc034b90dde5", "a94744c207ea731a7266bd0894179dc6e51a6a8965316000c8e823b5d7e07694"]
eth-typing = ["164d5fb164636b62a5729557953edfadc91e4f1b055cd591cace24913a917764", "901fcda2ab7cb4d92314484ce4730b6e02f1fccd97d3e20f72a9bdb531624c45"]
eth-utils = ["3e6c246dadfb9a7673b95c77f80c7e637a4cd6f863ce4ba11aac72f4aa42225c", "9a878a5d6572b10078fcaee7839bd03912a139dbe506e78b99ff0f85be82ee12"]
fastecdsa = ["12e952e2a70e2a896083f4cf304b4653f108ead4aac9c63ac8333343182fceac", "9d253175f74a96b7aa9c4ce266f96d1c663ca9f12a7e997c9cbe9dc58ea06f0e", "b40816ebc663d88b312c503533432bfa6bf7dc50133682d02ecc4ac158d79d5c"]
h11 = ["acca6a44cb52a32ab442b1779adf0875c443c689e9e028f8d831a3769f9c5208", "f2b1ca39bfed357d1f19ac732913d5f9faa54a5062eca7d2ec3a916cfb7ae4c7"]
h2 = ["ac377fcf586314ef3177bfd90c12c7826ab0840edeb03f0f24f511858326049e", "b8a32bd282594424c0ac55845377eea13fa54fe4a8db012f3a198ed923dc3ab4"]
hexbytes = ["438ba9a28dfcda2c2276954b4310f9af1604fb198bfe5ac44c6518feaf6d376a", "9e8b3e3dc4a7de23c0cf1bb3c3edfcc1f0df4b78927bad63816c27a027b8b7d1"]
hiredis = ["0124911115f2cb7deb4f8e221e109a53d3d718174b238a2c5e2162175a3929a5", "0656658d0448c2c82c4890ae933c2c2e51196101d3d06fc19cc92e062410c2fd", "09d284619f7142ddd7a4ffa94c12a0445e834737f4ce8739a737f2b1ca0f6142", "12299b7026e5dc22ed0ff603375c1bf583cf59adbb0e4d062df434e9140d72dd", "12fc6210f8dc3e9c8ce4b95e8f5db404b838dbdeb25bca41e33497de6d89334f", "197febe5e63c77f4ad19b36e15ed33152064dc606c8b7413c7a0ca3fd04672cc", "20e48289fbffb59a5ac7cc677fc02c2726c1da22488e5f7636b9feb9afde199f", "26bed296b92b88db02afe214aa1fefad7f9e8ba88a5a7c0e355b55c4b168d212", "321b19d2a21fd576111032fe7694d317de2c11b265ef775f2e3f22734a6b94c8", "32d5f2c461250f5fc7ccef647682651b1d9f69443f16c213d7fa5e183222b233", "36bfcc86715d109a5ef6edefd52b893de97d555cb5cb0e9cab83eb9665942ccc", "438ddfd1484e98110959dc4648c0ba22c3307c9c0ae7e2a856755067f9ce9cef", "66f17c1633b2fb967bf4165f7b3d369a1bdfe3537d3646cf9a7c208506c96c49", "94ab0fa3ac93ab36a5400c474439881d182b43fd38a2766d984470c57931ae88", "955f12da861f2608c181049f623bbb52851769e10639c4919cc586395b89813f", "b1fd831f96ce0f715e9356574f5184b840b59eb8901fc5f9124fedbe84ad2a59", "b3813c641494fca2eda66c32a2117816472a5a39b12f59f7887c6d17bdb8c77e", "bbc3ee8663024c82a1226a0d56ad882f42a2fd8c2999bf52d27bdd25f1320f4b", "bd12c2774b574f5b209196e25b03b5d62c7919bf69046bc7b955ebe84e0ec1fe", "c54d2b3d7a2206df35f3c1140ac20ca6faf7819ff92ea5be8bf4d1cbdb433216", "c7b0bcaf2353a2ad387dd8b5e1b5f55991adc3a7713ac3345a4ef0de58276690", "c9319a1503efb3b5a4ec13b2f8fae2c23610a645e999cb8954d330f0610b0f6d", "cbe5c0273224babe2ec77058643312d07aa5e8fed08901b3f7bccaa744c5728e", "cc884ea50185009d794b31314a144110efc76b71beb0a5827a8bff970ae6d248", "d1e2e751327781ad81df5a5a29d7c7b19ee0ebfbeddf037fd8df19ec1c06e18b", "d2ef58cece6cae4b354411df498350d836f10b814c8a890df0d8079aff30c518", "e97c953f08729900a5e740f1760305434d62db9f281ac351108d6c4b5bf51795", "fcdf2e10f56113e1cb4326dbca7bf7edbfdbd246cd6d7ec088688e5439129e2c"]
hpack = ["0edd79eda27a53ba5be2dfabf3b15780928a0dff6eb0c60a3d6767720e970c89", "8eec9c1f4bfae3408a3f30500261f7e6a65912dc138526ea054f9ad98892e9d2"]
http3 = ["dbf9beedc58d8bbcf6e681a9d63d9e7cd8da346e1ffb512e02e9bf097d91f0bf"]
httptools = ["e00cbd7ba01ff748e494248183abc6e153f49181169d8a3d41bb49132ca01dfc"]
hyperframe = ["5187962cb16dcc078f23cb5a4b110098d546c3f41ff2d4038a9896893bbd0b40", "a9f5c17f2cc3c719b917c4f33ed1c61bd1f8dfac4b1bd23b7c80b3400971b41f"]
idna = ["c357b3f628cf53ae2c4c05627ecc484553142ca23264e593d327bcde5e9c3407", "ea8b7f6188e6fa117537c3df7da9fc686d485087abf6ac197f9c46432f7e4a3c"]
lru-dict = ["365457660e3d05b76f1aba3e0f7fedbfcd6528e97c5115a351ddd0db488354cc"]
marshmallow = ["1ba81630e38a4c143faf54833357758d0b013ba8b0707b115f795153e970e5c4", "f8dcb1f1fb9ebd26b2edc91878f32a229a3c079520611a21955bf9d73be2ab41"]
marshmallow-enum = ["022400a2196ba55d5e6de67e6e4991e232190d25cbe26efa302c2e889e55ebf1", "f5ad5dd187bbdca3165159db34e7b26f8a16e75e44aee5fc648ef18a2bd37b42"]
motor = ["462fbb824f4289481c158227a2579d6adaf1ec7c70cf7ebe60ed6ceb321e5869", "d035c09ab422bc50bf3efb134f7405694cae76268545bd21e14fb22e2638f84e"]
msgpack = ["26cb40116111c232bc235ce131cc3b4e76549088cb154e66a2eb8ff6fcc907ec", "300fd3f2c664a3bf473d6a952f843b4a71454f4c592ed7e74a36b205c1782d28", "3129c355342853007de4a2a86e75eab966119733eb15748819b6554363d4e85c", "31f6d645ee5a97d59d3263fab9e6be76f69fa131cddc0d94091a3c8aca30d67a", "3ce7ef7ee2546c3903ca8c934d09250531b80c6127e6478781ae31ed835aac4c", "4008c72f5ef2b7936447dcb83db41d97e9791c83221be13d5e19db0796df1972", "62bd8e43d204580308d477a157b78d3fee2fb4c15d32578108dc5d89866036c8", "70cebfe08fb32f83051971264466eadf183101e335d8107b80002e632f425511", "72cb7cf85e9df5251abd7b61a1af1fb77add15f40fa7328e924a9c0b6bc7a533", "7c55649965c35eb32c499d17dadfb8f53358b961582846e1bc06f66b9bccc556", "86b963a5de11336ec26bc4f839327673c9796b398b9f1fe6bb6150c2a5d00f0f", "8c73c9bcdfb526247c5e4f4f6cf581b9bb86b388df82cfcaffde0a6e7bf3b43a", "8e68c76c6aff4849089962d25346d6784d38e02baa23ffa513cf46be72e3a540", "97ac6b867a8f63debc64f44efdc695109d541ecc361ee2dce2c8884ab37360a1", "9d4f546af72aa001241d74a79caec278bcc007b4bcde4099994732e98012c858", "a28e69fe5468c9f5251c7e4e7232286d71b7dfadc74f312006ebe984433e9746", "fd509d4aa95404ce8d86b4e32ce66d5d706fd6646c205e1c2a715d87078683a2"]
mypy-extensions = ["37e0e956f41369209a3d5f34580150bcacfabaa57b33a15c0b25f4b5725e0812", "b16cabe759f55e3409a7d231ebd2841378fb0c27a5d1994719e340e4f429ac3e"]
parsimonious = ["3add338892d580e0cb3b1a39e4a1b427ff9f687858fdd61097053742391a9f6b"]
pyaes = ["02c1b1405c38d3c370b085fb952dd8bea3fadcee6411ad99f312cc129c536d8f"]
pycryptodome = ["0281dc6a65a4d0d9e439f54e0ad5faf27bfdc2ebe9ead36912bac74a0920fa2e", "02af9b284f5c9a55f06f5e4532c16c9b7bd958e293e93969934d864ef7bd87ee", "09da99372fb69762e4b9690291176a166cc351793e2e1c9405d29ca291503aa8", "0c2400ccfc049c3f24e65d4f02bb4208d86e408011019e455fab7f50d2b226c9", "2081dd6dce6b21bf3596427edaedd4f2561dce616893b162ed2c674f3a3ca70a", "28b86ec9fdb005a2a18e4862a3a7277046738825ee8dc89cda5657e75a396089", "2d790c0d4c0d5edcf5fbab4e2af7b03757e40c5ae8d217f0dfe9ddea37fe130f", "2f24906153dca16528cf5515b1afa9ef635423d5a654904e861765f88ca667b6", "30d283939896fa4bacbdb9fa86e6fd51e9a5b953a511e210b38481f697f289f5", "31f78b67f97830d137f74813c0502a181a03b43a32ed124049bb20428176c307", "33c1f3a380fd38ab4dd4372bef17e98002b360b52814bb1b077693b1bd06ec87", "34091e9a6650c44e25339f22fc821396f19f152f65be2546edd823a093fb5a04", "567fb73951ab6865a2eb1a0060b54be1e27302574f6c65879525bdf53fab49e1", "5bc40f8aa7ba8ca7f833ad2477b9d84e1bfd2630b22a46d9bbd221982f8c3ac0", "6b0a0ccf33c7a6100c569667c888335a4aaf0d22218cb97b4963a65d70f6c343", "71b93157f1ce93fc7cfff9359b76def2b4826a7ef7a7f95e070161368e7f584a", "7d939d511b7dac29b2d936706786771ecb8256e43fade5cdb0e8bc58f02b86cf", "7fbc5a93d52e4c51487f4648b00dc41700adb144d10fc567b05f852e76c243ad", "9cb94b8f9c915a5d2b273d612a25a8e5d67b49543f8eb6bcec0275ac46cda421", "a585ea1722f9731e75881d5ffcc51d11c794d244ac57e7c2a9cbb8d5ac729302", "a6458dd7a10ae51f6fce56bdfc79bf6d3b54556237045d09e77fbda9d6d37864", "a9fb92e948128bce0239b87c6efcf2cb1c5a703d0b41dd6835211e6fafd1c5df", "b0b6b4ca1c53e7d6ca9f2720919f63837f05e7a5f92912a2bc29bfd03ed3b54f", "b7d22c8d648aaa3a7ec785eda544402141eb78ac5ffbba4cbe2c3a1f52276870", "bc9560574a868cfa2ba781b7bb0b4685b08ea251697abfc49070ffc05e1cbee6", "c0c5a576f3f7b7de3f86889cb47eb51b59dc11db9cf1e2a0f51eb4d988010ea4", "e1c91c2fa942a71c98a7a1f462de6dbbe82f34b9267eb8131314d97bd13bf0d4", "ec936361ad78aa95382c313df95777795b8185aac5dd3ec5463363ea94b556fc"]
pymongo = ["32421df60d06f479d71b6b539642e410ece3006e8910688e68df962c8eb40a21", "324b22a8443e11faca44c96b20e7ec8a9e59a1e664457edeeb4f796080b31cde", "3b6336b1d2a1ac2fcc8f629070016f3c76ad7dc969f269232471953d6dd17c0d", "4505ff8b7923dd7a8bed1bf25c9c4d0df5ab0b8b2821f2296533f2149a55f401", "460b224681ea711e48e3638d15be2249024031b7dcb9622ba19c2e85bd5a26cc", "47473b70c5f3cd5ddd2c49ab3b9ceafdafbbed5bc963f147df22a9343d7978f5", "49375839af76834e9c5c3cc78c78386873fd0b2ad9a0860a7dc4ec9fe73af9dd", "4a65f0f71ece86c860d30a1436b646db8ea32aec518845ef2903ca569faec32e", "530621906c5dd6d27305b39c4e017701e5f4299aa68b93cde70eb985f94ca26f", "54f4770b5810e8dc3cbeed675874195f02bb2bc4e95a9d665068edfb3baff4f7", "5ed9382410e938b0ff76041c34018210504729a83bcf4f6a70c7092c28169f6f", "61cad83637ae12c1c825130d7f9325cd6c162e3a64e8747a8144866020be3ff4", "61e8e1c58b4fdf47ab79b7c7db8bb022c1e40b3b5fcbbaeea5fc94dc5c75638d", "6e04e496af7d156b66cce70460011c621ecbadf5dcdce325c7acbb3cd6ea245d", "74838f04da0b3995b830fe1f00f9b200831582cbc42a22b77e04dfb717cb0d56", "7ef89ec435e89da902451dde6845066fe2770befaf0301fe2a1ac426b51fced3", "854e8425e5eb775ccfffad04ecd094c99923d60a2c2d49babb5c435e836a91fa", "9569796d48498e4db4e1d56284b626a8ed15f641ce3a8b2085f06bb03f4c2c88", "9d50c99c6388863cbfdc5db9bad62e3a7c2e5fc151554a07c7f3c2530334a34f", "9ea016c2c011df21f77c1f806ce45129a344ba2d414bd50f9e065b13a4a134be", "a8421f0823174888fb12a5fa675322e756499d71e77ff712b4412d4b8f3c6503", "aef7d88384ada699976350a285c7a333f96ebc959e98e7d2c98589f47bbf3b7f", "b4d7ff9957ee770cf03bd7156a68a2f2e838e60712d9608eadc8741c15d01e72", "c1db85c39e6a60588f855dbc7bd68fb0dab796096148ab5aa4abecaff19e1c6e", "c3e813b1bd0b883639e30170dc9daccb9b6ef7e81836188b88d3fc7364892b35", "cee2fc0b94e66e7230da12fc4b3d34793c49957e16ee04f6468a94e264a1e41d", "cf1dea28379a16b23e47db312883f07b3ba8d9d6abc1c59e51d4c8ae1820ab43", "d1cd175df7c8b5fc976bade78bf4d9fb5aa7ab465c0f59931e380bbe188ef8fc", "d48a94edf3cdd34524936a72ea01b352682b337f33a42db10ba29a96c37147d3", "d9cc103a4e97f78bc77a1d72759ab3722f6cdf0374ad4fb4b0c53bd3238bdf98", "fcb9ae8aa9158106c5d98a4349ec0d90b68f052d620b2d24622ba03b91e4d81d"]
pypiwin32 = ["67adf399debc1d5d14dffc1ab5acacb800da569754fafdc576b2a039485aa775", "71be40c1fbd28594214ecaecb58e7aa8b708eabfa0125c8a109ebd51edbd776a"]
python-bitcoinlib = ["0fe7de6c083e12479eb12d3764ece83e5c73b1c48e806009ee1a1aa02da098cf", "4c5ab6d6937086b2964a97182ca04d9a7ecfe9295ab9520f58ac13a1f54e9183"]
python-engineio = ["2a4c874aea686e79f8ea9efc30748110df581df6d577d18bb5eaa1a8f2199d12", "eae09ef72bbb13e66ad0bbe2fbb87271e0ba5e2ec8c6693c6be1e14239564e32"]
python-socketio = ["506b2cf7a520b40ea0b3f25e1272eff8de134dce6f471c1f6bc0de8c90fe8c57", "d4e2c23241afa0aae2a5bcc107523b2fcc71f5020df89a093f3634eb48955967"]
pywin32 = ["22e218832a54ed206452c8f3ca9eff07ef327f8e597569a4c2828be5eaa09a77", "32b37abafbfeddb0fe718008d6aada5a71efa2874f068bee1f9e703983dcc49a", "35451edb44162d2f603b5b18bd427bc88fcbc74849eaa7a7e7cfe0f507e5c0c8", "4eda2e1e50faa706ff8226195b84fbcbd542b08c842a9b15e303589f85bfb41c", "5f265d72588806e134c8e1ede8561739071626ea4cc25c12d526aa7b82416ae5", "6852ceac5fdd7a146b570655c37d9eacd520ed1eaeec051ff41c6fc94243d8bf", "6dbc4219fe45ece6a0cc6baafe0105604fdee551b5e876dc475d3955b77190ec", "9bd07746ce7f2198021a9fa187fa80df7b221ec5e4c234ab6f00ea355a3baf99"]
pyyaml = ["0113bc0ec2ad727182326b61326afa3d1d8280ae1122493553fd6f4397f33df9", "01adf0b6c6f61bd11af6e10ca52b7d4057dd0be0343eb9283c878cf3af56aee4", "5124373960b0b3f4aa7df1707e63e9f109b5263eca5976c66e08b1c552d4eaf8", "5ca4f10adbddae56d824b2c09668e91219bb178a1eee1faa56af6f99f11bf696", "7907be34ffa3c5a32b60b95f4d95ea25361c951383a894fec31be7252b2b6f34", "7ec9b2a4ed5cad025c2278a1e6a19c011c80a3caaac804fd2d329e9cc2c287c9", "87ae4c829bb25b9fe99cf71fbb2140c448f534e24c998cc60f39ae4f94396a73", "9de9919becc9cc2ff03637872a440195ac4241c80536632fffeb6a1e25a74299", "a5a85b10e450c66b49f98846937e8cfca1db3127a9d5d1e31ca45c3d0bef4c5b", "b0997827b4f6a7c286c01c5f60384d218dca4ed7d9efa945c3e1aa623d5709ae", "b631ef96d3222e62861443cc89d6563ba3eeb816eeb96b2629345ab795e53681", "bf47c0607522fdbca6c9e817a6e81b08491de50f3766a7a0e6a5be7905961b41", "f81025eddd0327c7d4cfe9b62cf33190e1e736cc6e97502b3ec425f574b3e7a8"]
requests = ["11e007a8a2aa0323f5a921e9e6a2d7e4e67d9877e85773fba9ba6419025cbeb4", "9cf5292fcd0f598c671cfc1e0d7d1a7f13bb8085e9a590f48c010551dc6c4b31"]
requests-async = ["8f128b66dec2974aa263e24410914b1829d3e1506497364c2edfa10112f55e0b"]
rfc3986 = ["0344d0bd428126ce554e7ca2b61787b6a28d2bbd19fc70ed2dd85efe31176405", "df4eba676077cefb86450c8f60121b9ae04b94f65f85b69f3f731af0516b7b18"]
rlp = ["0505fd53278cb4a3ea6baf1b658357ac209bdcdd1b316ac90050c40f669ceacc", "ebe80a03c50e3d6aac47f44ddd45048bb99e411203cd764f5da1330e6d83821c"]
scrypt = ["1377b1adc98c4152694bf5d7e93b41a9d2e9060af69b747cfad8c93ac426f9ea", "336a76da970674206591a9d1092b165a6792eadeaed5fd8fd0d7e367ea0cd74a", "40fcaecc2e6cc3f9d200c7fb111454f4b584dcde3cf1242d0730ca299fb08553", "96ef78c99b324000cadf019c6af1f6cd2fefc1048951fc07365ec74bf99c17f9", "a12930a9942774dbaebe0ae4e3d089a6ea158daf7fc6d9b81aba47bcb73103ff", "b5434eb5608d491abf42bdacb5dea2103ff25d4e42c0a2b574bd74c7789bbb37", "b9da3cd041efdbfde0f353351b6f8a8e0b7b7b4e8d95a29e59f77c48e2cee96d", "d5acc01c27048ad5f5477aeaa97c8faa1bd739f0a915d31b4526e18609fd9df1", "e1d24b8dd8a4451745a0f99c6bf356475fa822e5ebdeb207ea99f0fdab54c909"]
six = ["3350809f0555b11f552448330d0b52d5f24c91a322ea4a15ef22629740f3761c", "d16a0141ec1a18405cd4ce8b4613101da75da0e9a7aec5bdd4fa804d0e0eba73"]
sqlalchemy = ["217e7fc52199a05851eee9b6a0883190743c4fb9c8ac4313ccfceaffd852b0ff"]
starlette = ["849553e6dc8dd4faac5d4383219bdf49b199f3f09d60ce374c2a00a42ab7c77d"]
toolz = ["08fdd5ef7c96480ad11c12d472de21acd32359996f69a5259299b540feba4560"]
tqdm = ["1dc82f87a8726602fa7177a091b5e8691d6523138a8f7acd08e58088f51e389f", "47220a4f2aeebbc74b0ab317584264ea44c745e1fd5ff316b675cd0aff8afad8"]
typing-inspect = ["a7cb36c4a47d034766a67ea6467b39bd995cd00db8d4db1aa40001bf2d674a9b", "cf41eb276cc8955a45e03c15cd1efa6c181a8775a38ff0bfda99d28af97bcda3", "e319dfa0c9a646614c9b6abab3bdd5f860a98609998d420f33e41a6e01cbbddb"]
ujson = ["f66073e5506e91d204ab0c614a148d5aa938bdbf104751be66f8ad7a222f5f86"]
urllib3 = ["b246607a25ac80bedac05c6f282e3cdaf3afb65420fd024ac94435cabe6e18d1", "dbe59173209418ae49d485b87d1681aefa36252ee85884c31346debd19463232"]
uvicorn = ["8d523d0a003a874245025295b0c1233a762402c0d4c3988017401c6b461c83e9"]
uvloop = ["0fcd894f6fc3226a962ee7ad895c4f52e3f5c3c55098e21efb17c071849a0573", "2f31de1742c059c96cb76b91c5275b22b22b965c886ee1fced093fa27dde9e64", "459e4649fcd5ff719523de33964aa284898e55df62761e7773d088823ccbd3e0", "67867aafd6e0bc2c30a079603a85d83b94f23c5593b3cc08ec7e58ac18bf48e5", "8c200457e6847f28d8bb91c5e5039d301716f5f2fce25646f5fb3fd65eda4a26", "958906b9ca39eb158414fbb7d6b8ef1b7aee4db5c8e8e5d00fcbb69a1ce9dca7", "ac1dca3d8f3ef52806059e81042ee397ac939e5a86c8a3cea55d6b087db66115", "b284c22d8938866318e3b9d178142b8be316c52d16fcfe1560685a686718a021", "c48692bf4587ce281d641087658eca275a5ad3b63c78297bbded96570ae9ce8f", "fefc3b2b947c99737c348887db2c32e539160dcbeb7af9aa6b53db7a283538fe"]
web3 = ["87edb8e9e2be222a51e24010d7604cb5ee8e926f4282136df6842be5cec9eec1", "d282cc6fc4a011e289aecb482ce0f27139013e0ea0258639f23c0d7b08362448"]
websockets = ["049e694abe33f8a1d99969fee7bfc0ae6761f7fd5f297c58ea933b27dd6805f2", "73ce69217e4655783ec72ce11c151053fcbd5b837cc39de7999e19605182e28a", "83e63aa73331b9ca21af61df8f115fb5fbcba3f281bee650a4ad16a40cd1ef15", "882a7266fa867a2ebb2c0baaa0f9159cabf131cf18c1b4270d79ad42f9208dc5", "8c77f7d182a6ea2a9d09c2612059f3ad859a90243e899617137ee3f6b7f2b584", "8d7a20a2f97f1e98c765651d9fb9437201a9ccc2c70e94b0270f1c5ef29667a3", "a7affaeffbc5d55681934c16bb6b8fc82bb75b175e7fd4dcca798c938bde8dda", "c82e286555f839846ef4f0fdd6910769a577952e1e26aa8ee7a6f45f040e3c2b", "e906128532a14b9d264a43eb48f9b3080d53a9bda819ab45bf56b8039dc606ac", "e9102043a81cdc8b7c8032ff4bce39f6229e4ac39cb2010946c912eeb84e2cb6", "f5cb2683367e32da6a256b60929a3af9c29c212b5091cf5bace9358d03011bf5"]
